
Microsoft Visual Studio Solution File, Format Version 12.00
# Visual Studio 15
VisualStudioVersion = 15.0.26730.16
MinimumVisualStudioVersion = 10.0.40219.1
Project("{FAE04EC0-301F-11D3-BF4B-00C04F79EFBC}") = "Challange33", "Challange33\Challange33.csproj", "{5D5ECA36-5F1A-4717-9D4F-60138DED26AB}"
EndProject
Global
	GlobalSection(SolutionConfigurationPlatforms) = preSolution
		Debug|Any CPU = Debug|Any CPU
		Release|Any CPU = Release|Any CPU
	EndGlobalSection
	GlobalSection(ProjectConfigurationPlatforms) = postSolution
		{5D5ECA36-5F1A-4717-9D4F-60138DED26AB}.Debug|Any CPU.ActiveCfg = Debug|Any CPU
		{5D5ECA36-5F1A-4717-9D4F-60138DED26AB}.Debug|Any CPU.Build.0 = Debug|Any CPU
		{5D5ECA36-5F1A-4717-9D4F-60138DED26AB}.Release|Any CPU.ActiveCfg = Release|Any CPU
		{5D5ECA36-5F1A-4717-9D4F-60138DED26AB}.Release|Any CPU.Build.0 = Release|Any CPU
	EndGlobalSection
	GlobalSection(SolutionProperties) = preSolution
		HideSolutionNode = FALSE
	EndGlobalSection
	GlobalSection(ExtensibilityGlobals) = postSolution
		SolutionGuid = {8BF1CAA4-9015-471C-B6B1-3DD710CFDD70}
	EndGlobalSection
EndGlobal
