
Microsoft Visual Studio Solution File, Format Version 12.00
# Visual Studio 15
VisualStudioVersion = 15.0.26730.16
MinimumVisualStudioVersion = 10.0.40219.1
Project("{FAE04EC0-301F-11D3-BF4B-00C04F79EFBC}") = "Checked-Unchecked", "Checked-Unchecked\Checked-Unchecked.csproj", "{88848843-E991-4015-89A2-19A59B428F77}"
EndProject
Global
	GlobalSection(SolutionConfigurationPlatforms) = preSolution
		Debug|Any CPU = Debug|Any CPU
		Release|Any CPU = Release|Any CPU
	EndGlobalSection
	GlobalSection(ProjectConfigurationPlatforms) = postSolution
		{88848843-E991-4015-89A2-19A59B428F77}.Debug|Any CPU.ActiveCfg = Debug|Any CPU
		{88848843-E991-4015-89A2-19A59B428F77}.Debug|Any CPU.Build.0 = Debug|Any CPU
		{88848843-E991-4015-89A2-19A59B428F77}.Release|Any CPU.ActiveCfg = Release|Any CPU
		{88848843-E991-4015-89A2-19A59B428F77}.Release|Any CPU.Build.0 = Release|Any CPU
	EndGlobalSection
	GlobalSection(SolutionProperties) = preSolution
		HideSolutionNode = FALSE
	EndGlobalSection
	GlobalSection(ExtensibilityGlobals) = postSolution
		SolutionGuid = {89B3037A-B796-4AAF-A6FA-70F278862558}
	EndGlobalSection
EndGlobal
