
Microsoft Visual Studio Solution File, Format Version 12.00
# Visual Studio 15
VisualStudioVersion = 15.0.26730.16
MinimumVisualStudioVersion = 10.0.40219.1
Project("{FAE04EC0-301F-11D3-BF4B-00C04F79EFBC}") = "Explicit-Conversion", "Explicit-Conversion\Explicit-Conversion.csproj", "{1B1D3204-A3F6-423A-8651-C54B5F049FEC}"
EndProject
Global
	GlobalSection(SolutionConfigurationPlatforms) = preSolution
		Debug|Any CPU = Debug|Any CPU
		Release|Any CPU = Release|Any CPU
	EndGlobalSection
	GlobalSection(ProjectConfigurationPlatforms) = postSolution
		{1B1D3204-A3F6-423A-8651-C54B5F049FEC}.Debug|Any CPU.ActiveCfg = Debug|Any CPU
		{1B1D3204-A3F6-423A-8651-C54B5F049FEC}.Debug|Any CPU.Build.0 = Debug|Any CPU
		{1B1D3204-A3F6-423A-8651-C54B5F049FEC}.Release|Any CPU.ActiveCfg = Release|Any CPU
		{1B1D3204-A3F6-423A-8651-C54B5F049FEC}.Release|Any CPU.Build.0 = Release|Any CPU
	EndGlobalSection
	GlobalSection(SolutionProperties) = preSolution
		HideSolutionNode = FALSE
	EndGlobalSection
	GlobalSection(ExtensibilityGlobals) = postSolution
		SolutionGuid = {FBFFDEE8-F489-486F-8049-0A1C0E04F462}
	EndGlobalSection
EndGlobal
