
Microsoft Visual Studio Solution File, Format Version 12.00
# Visual Studio 15
VisualStudioVersion = 15.0.26730.16
MinimumVisualStudioVersion = 10.0.40219.1
Project("{FAE04EC0-301F-11D3-BF4B-00C04F79EFBC}") = "MoreArrayOperation", "MoreArrayOperation\MoreArrayOperation.csproj", "{DF34CE78-CB6E-4570-959B-E064273DF1E3}"
EndProject
Global
	GlobalSection(SolutionConfigurationPlatforms) = preSolution
		Debug|Any CPU = Debug|Any CPU
		Release|Any CPU = Release|Any CPU
	EndGlobalSection
	GlobalSection(ProjectConfigurationPlatforms) = postSolution
		{DF34CE78-CB6E-4570-959B-E064273DF1E3}.Debug|Any CPU.ActiveCfg = Debug|Any CPU
		{DF34CE78-CB6E-4570-959B-E064273DF1E3}.Debug|Any CPU.Build.0 = Debug|Any CPU
		{DF34CE78-CB6E-4570-959B-E064273DF1E3}.Release|Any CPU.ActiveCfg = Release|Any CPU
		{DF34CE78-CB6E-4570-959B-E064273DF1E3}.Release|Any CPU.Build.0 = Release|Any CPU
	EndGlobalSection
	GlobalSection(SolutionProperties) = preSolution
		HideSolutionNode = FALSE
	EndGlobalSection
	GlobalSection(ExtensibilityGlobals) = postSolution
		SolutionGuid = {5DECC09F-9428-4EF0-8F4D-660F009EA825}
	EndGlobalSection
EndGlobal
