
Microsoft Visual Studio Solution File, Format Version 12.00
# Visual Studio 15
VisualStudioVersion = 15.0.26730.16
MinimumVisualStudioVersion = 10.0.40219.1
Project("{FAE04EC0-301F-11D3-BF4B-00C04F79EFBC}") = "MathematicalOperation", "MathematicalOperation\MathematicalOperation.csproj", "{D928AE41-A5C1-40B8-ACE4-7D2D45A72095}"
EndProject
Global
	GlobalSection(SolutionConfigurationPlatforms) = preSolution
		Debug|Any CPU = Debug|Any CPU
		Release|Any CPU = Release|Any CPU
	EndGlobalSection
	GlobalSection(ProjectConfigurationPlatforms) = postSolution
		{D928AE41-A5C1-40B8-ACE4-7D2D45A72095}.Debug|Any CPU.ActiveCfg = Debug|Any CPU
		{D928AE41-A5C1-40B8-ACE4-7D2D45A72095}.Debug|Any CPU.Build.0 = Debug|Any CPU
		{D928AE41-A5C1-40B8-ACE4-7D2D45A72095}.Release|Any CPU.ActiveCfg = Release|Any CPU
		{D928AE41-A5C1-40B8-ACE4-7D2D45A72095}.Release|Any CPU.Build.0 = Release|Any CPU
	EndGlobalSection
	GlobalSection(SolutionProperties) = preSolution
		HideSolutionNode = FALSE
	EndGlobalSection
	GlobalSection(ExtensibilityGlobals) = postSolution
		SolutionGuid = {42142D07-81A2-41B0-8CB5-01BB3B967907}
	EndGlobalSection
EndGlobal
