
Microsoft Visual Studio Solution File, Format Version 12.00
# Visual Studio 15
VisualStudioVersion = 15.0.26730.16
MinimumVisualStudioVersion = 10.0.40219.1
Project("{FAE04EC0-301F-11D3-BF4B-00C04F79EFBC}") = "Variables Scope", "Variables Scope\Variables Scope.csproj", "{2721A6C5-1BD6-4A10-8C5C-4EC6C365D16F}"
EndProject
Global
	GlobalSection(SolutionConfigurationPlatforms) = preSolution
		Debug|Any CPU = Debug|Any CPU
		Release|Any CPU = Release|Any CPU
	EndGlobalSection
	GlobalSection(ProjectConfigurationPlatforms) = postSolution
		{2721A6C5-1BD6-4A10-8C5C-4EC6C365D16F}.Debug|Any CPU.ActiveCfg = Debug|Any CPU
		{2721A6C5-1BD6-4A10-8C5C-4EC6C365D16F}.Debug|Any CPU.Build.0 = Debug|Any CPU
		{2721A6C5-1BD6-4A10-8C5C-4EC6C365D16F}.Release|Any CPU.ActiveCfg = Release|Any CPU
		{2721A6C5-1BD6-4A10-8C5C-4EC6C365D16F}.Release|Any CPU.Build.0 = Release|Any CPU
	EndGlobalSection
	GlobalSection(SolutionProperties) = preSolution
		HideSolutionNode = FALSE
	EndGlobalSection
	GlobalSection(ExtensibilityGlobals) = postSolution
		SolutionGuid = {7D5C5DB0-F105-43B2-A0A5-50326B5910A7}
	EndGlobalSection
EndGlobal
