
Microsoft Visual Studio Solution File, Format Version 12.00
# Visual Studio 15
VisualStudioVersion = 15.0.26730.16
MinimumVisualStudioVersion = 10.0.40219.1
Project("{FAE04EC0-301F-11D3-BF4B-00C04F79EFBC}") = "Challange 21", "Challange 21\Challange 21.csproj", "{B652E75D-C8DF-4636-9F5E-F77A068F5206}"
EndProject
Global
	GlobalSection(SolutionConfigurationPlatforms) = preSolution
		Debug|Any CPU = Debug|Any CPU
		Release|Any CPU = Release|Any CPU
	EndGlobalSection
	GlobalSection(ProjectConfigurationPlatforms) = postSolution
		{B652E75D-C8DF-4636-9F5E-F77A068F5206}.Debug|Any CPU.ActiveCfg = Debug|Any CPU
		{B652E75D-C8DF-4636-9F5E-F77A068F5206}.Debug|Any CPU.Build.0 = Debug|Any CPU
		{B652E75D-C8DF-4636-9F5E-F77A068F5206}.Release|Any CPU.ActiveCfg = Release|Any CPU
		{B652E75D-C8DF-4636-9F5E-F77A068F5206}.Release|Any CPU.Build.0 = Release|Any CPU
	EndGlobalSection
	GlobalSection(SolutionProperties) = preSolution
		HideSolutionNode = FALSE
	EndGlobalSection
	GlobalSection(ExtensibilityGlobals) = postSolution
		SolutionGuid = {D8A79C72-9F42-4248-8BE7-6E480B57D43F}
	EndGlobalSection
EndGlobal
