
Microsoft Visual Studio Solution File, Format Version 12.00
# Visual Studio 15
VisualStudioVersion = 15.0.26730.16
MinimumVisualStudioVersion = 10.0.40219.1
Project("{FAE04EC0-301F-11D3-BF4B-00C04F79EFBC}") = "GoTo", "GoTo\GoTo.csproj", "{EFCC76EA-1B9B-477A-916D-6005F2D2268C}"
EndProject
Global
	GlobalSection(SolutionConfigurationPlatforms) = preSolution
		Debug|Any CPU = Debug|Any CPU
		Release|Any CPU = Release|Any CPU
	EndGlobalSection
	GlobalSection(ProjectConfigurationPlatforms) = postSolution
		{EFCC76EA-1B9B-477A-916D-6005F2D2268C}.Debug|Any CPU.ActiveCfg = Debug|Any CPU
		{EFCC76EA-1B9B-477A-916D-6005F2D2268C}.Debug|Any CPU.Build.0 = Debug|Any CPU
		{EFCC76EA-1B9B-477A-916D-6005F2D2268C}.Release|Any CPU.ActiveCfg = Release|Any CPU
		{EFCC76EA-1B9B-477A-916D-6005F2D2268C}.Release|Any CPU.Build.0 = Release|Any CPU
	EndGlobalSection
	GlobalSection(SolutionProperties) = preSolution
		HideSolutionNode = FALSE
	EndGlobalSection
	GlobalSection(ExtensibilityGlobals) = postSolution
		SolutionGuid = {FD0233A0-167A-4164-AC0D-FF85F17D4464}
	EndGlobalSection
EndGlobal
