
Microsoft Visual Studio Solution File, Format Version 12.00
# Visual Studio 15
VisualStudioVersion = 15.0.26730.16
MinimumVisualStudioVersion = 10.0.40219.1
Project("{FAE04EC0-301F-11D3-BF4B-00C04F79EFBC}") = "Challange 26", "Challange 26\Challange 26.csproj", "{DA1C9712-4FDA-4C88-A3A8-E6D00D9F74D7}"
EndProject
Global
	GlobalSection(SolutionConfigurationPlatforms) = preSolution
		Debug|Any CPU = Debug|Any CPU
		Release|Any CPU = Release|Any CPU
	EndGlobalSection
	GlobalSection(ProjectConfigurationPlatforms) = postSolution
		{DA1C9712-4FDA-4C88-A3A8-E6D00D9F74D7}.Debug|Any CPU.ActiveCfg = Debug|Any CPU
		{DA1C9712-4FDA-4C88-A3A8-E6D00D9F74D7}.Debug|Any CPU.Build.0 = Debug|Any CPU
		{DA1C9712-4FDA-4C88-A3A8-E6D00D9F74D7}.Release|Any CPU.ActiveCfg = Release|Any CPU
		{DA1C9712-4FDA-4C88-A3A8-E6D00D9F74D7}.Release|Any CPU.Build.0 = Release|Any CPU
	EndGlobalSection
	GlobalSection(SolutionProperties) = preSolution
		HideSolutionNode = FALSE
	EndGlobalSection
	GlobalSection(ExtensibilityGlobals) = postSolution
		SolutionGuid = {5362F135-453F-4360-8C0E-1E9F5EE167C2}
	EndGlobalSection
EndGlobal
