
Microsoft Visual Studio Solution File, Format Version 12.00
# Visual Studio 15
VisualStudioVersion = 15.0.26730.16
MinimumVisualStudioVersion = 10.0.40219.1
Project("{FAE04EC0-301F-11D3-BF4B-00C04F79EFBC}") = "Struct Function", "Struct Function\Struct Function.csproj", "{794B41C9-4085-4DE7-BD45-7791EF4AFAE3}"
EndProject
Global
	GlobalSection(SolutionConfigurationPlatforms) = preSolution
		Debug|Any CPU = Debug|Any CPU
		Release|Any CPU = Release|Any CPU
	EndGlobalSection
	GlobalSection(ProjectConfigurationPlatforms) = postSolution
		{794B41C9-4085-4DE7-BD45-7791EF4AFAE3}.Debug|Any CPU.ActiveCfg = Debug|Any CPU
		{794B41C9-4085-4DE7-BD45-7791EF4AFAE3}.Debug|Any CPU.Build.0 = Debug|Any CPU
		{794B41C9-4085-4DE7-BD45-7791EF4AFAE3}.Release|Any CPU.ActiveCfg = Release|Any CPU
		{794B41C9-4085-4DE7-BD45-7791EF4AFAE3}.Release|Any CPU.Build.0 = Release|Any CPU
	EndGlobalSection
	GlobalSection(SolutionProperties) = preSolution
		HideSolutionNode = FALSE
	EndGlobalSection
	GlobalSection(ExtensibilityGlobals) = postSolution
		SolutionGuid = {313A4A72-249F-4A53-AC7D-B732D42088EF}
	EndGlobalSection
EndGlobal
