
Microsoft Visual Studio Solution File, Format Version 12.00
# Visual Studio 15
VisualStudioVersion = 15.0.26730.16
MinimumVisualStudioVersion = 10.0.40219.1
Project("{FAE04EC0-301F-11D3-BF4B-00C04F79EFBC}") = "Solution3", "Solution3\Solution3.csproj", "{A84876CE-80E5-4393-9AC5-FF9C46473C41}"
EndProject
Global
	GlobalSection(SolutionConfigurationPlatforms) = preSolution
		Debug|Any CPU = Debug|Any CPU
		Release|Any CPU = Release|Any CPU
	EndGlobalSection
	GlobalSection(ProjectConfigurationPlatforms) = postSolution
		{A84876CE-80E5-4393-9AC5-FF9C46473C41}.Debug|Any CPU.ActiveCfg = Debug|Any CPU
		{A84876CE-80E5-4393-9AC5-FF9C46473C41}.Debug|Any CPU.Build.0 = Debug|Any CPU
		{A84876CE-80E5-4393-9AC5-FF9C46473C41}.Release|Any CPU.ActiveCfg = Release|Any CPU
		{A84876CE-80E5-4393-9AC5-FF9C46473C41}.Release|Any CPU.Build.0 = Release|Any CPU
	EndGlobalSection
	GlobalSection(SolutionProperties) = preSolution
		HideSolutionNode = FALSE
	EndGlobalSection
	GlobalSection(ExtensibilityGlobals) = postSolution
		SolutionGuid = {DC8177B4-C367-4965-9923-F23E5761B0DD}
	EndGlobalSection
EndGlobal
