
Microsoft Visual Studio Solution File, Format Version 12.00
# Visual Studio 15
VisualStudioVersion = 15.0.26730.16
MinimumVisualStudioVersion = 10.0.40219.1
Project("{FAE04EC0-301F-11D3-BF4B-00C04F79EFBC}") = "Debugging Mode VS Release Mode", "Debugging Mode VS Release Mode\Debugging Mode VS Release Mode.csproj", "{739B5B54-49AB-4ADC-96F6-184280591ADA}"
EndProject
Global
	GlobalSection(SolutionConfigurationPlatforms) = preSolution
		Debug|Any CPU = Debug|Any CPU
		Release|Any CPU = Release|Any CPU
	EndGlobalSection
	GlobalSection(ProjectConfigurationPlatforms) = postSolution
		{739B5B54-49AB-4ADC-96F6-184280591ADA}.Debug|Any CPU.ActiveCfg = Debug|Any CPU
		{739B5B54-49AB-4ADC-96F6-184280591ADA}.Debug|Any CPU.Build.0 = Debug|Any CPU
		{739B5B54-49AB-4ADC-96F6-184280591ADA}.Release|Any CPU.ActiveCfg = Release|Any CPU
		{739B5B54-49AB-4ADC-96F6-184280591ADA}.Release|Any CPU.Build.0 = Release|Any CPU
	EndGlobalSection
	GlobalSection(SolutionProperties) = preSolution
		HideSolutionNode = FALSE
	EndGlobalSection
	GlobalSection(ExtensibilityGlobals) = postSolution
		SolutionGuid = {930BC739-63F0-43BE-8E83-9D003B108406}
	EndGlobalSection
EndGlobal
