
Microsoft Visual Studio Solution File, Format Version 12.00
# Visual Studio 15
VisualStudioVersion = 15.0.26730.16
MinimumVisualStudioVersion = 10.0.40219.1
Project("{FAE04EC0-301F-11D3-BF4B-00C04F79EFBC}") = "SwitchStatement", "SwitchStatement\SwitchStatement.csproj", "{FC67904C-9BBE-4DA8-B1E1-CC992827620E}"
EndProject
Global
	GlobalSection(SolutionConfigurationPlatforms) = preSolution
		Debug|Any CPU = Debug|Any CPU
		Release|Any CPU = Release|Any CPU
	EndGlobalSection
	GlobalSection(ProjectConfigurationPlatforms) = postSolution
		{FC67904C-9BBE-4DA8-B1E1-CC992827620E}.Debug|Any CPU.ActiveCfg = Debug|Any CPU
		{FC67904C-9BBE-4DA8-B1E1-CC992827620E}.Debug|Any CPU.Build.0 = Debug|Any CPU
		{FC67904C-9BBE-4DA8-B1E1-CC992827620E}.Release|Any CPU.ActiveCfg = Release|Any CPU
		{FC67904C-9BBE-4DA8-B1E1-CC992827620E}.Release|Any CPU.Build.0 = Release|Any CPU
	EndGlobalSection
	GlobalSection(SolutionProperties) = preSolution
		HideSolutionNode = FALSE
	EndGlobalSection
	GlobalSection(ExtensibilityGlobals) = postSolution
		SolutionGuid = {32A60640-BD98-4B5D-B45C-ED4B1794E131}
	EndGlobalSection
EndGlobal
