
Microsoft Visual Studio Solution File, Format Version 12.00
# Visual Studio 15
VisualStudioVersion = 15.0.26730.16
MinimumVisualStudioVersion = 10.0.40219.1
Project("{FAE04EC0-301F-11D3-BF4B-00C04F79EFBC}") = "Solution 18", "Solution 18\Solution 18.csproj", "{28B67B92-AFFD-43AA-9DD4-3A0B44E40D4E}"
EndProject
Global
	GlobalSection(SolutionConfigurationPlatforms) = preSolution
		Debug|Any CPU = Debug|Any CPU
		Release|Any CPU = Release|Any CPU
	EndGlobalSection
	GlobalSection(ProjectConfigurationPlatforms) = postSolution
		{28B67B92-AFFD-43AA-9DD4-3A0B44E40D4E}.Debug|Any CPU.ActiveCfg = Debug|Any CPU
		{28B67B92-AFFD-43AA-9DD4-3A0B44E40D4E}.Debug|Any CPU.Build.0 = Debug|Any CPU
		{28B67B92-AFFD-43AA-9DD4-3A0B44E40D4E}.Release|Any CPU.ActiveCfg = Release|Any CPU
		{28B67B92-AFFD-43AA-9DD4-3A0B44E40D4E}.Release|Any CPU.Build.0 = Release|Any CPU
	EndGlobalSection
	GlobalSection(SolutionProperties) = preSolution
		HideSolutionNode = FALSE
	EndGlobalSection
	GlobalSection(ExtensibilityGlobals) = postSolution
		SolutionGuid = {5BADF903-474A-4FA5-AD40-6BE63D494F3F}
	EndGlobalSection
EndGlobal
